
Microsoft Visual Studio Solution File, Format Version 12.00
# Visual Studio Version 17
VisualStudioVersion = 17.14.37012.4 d17.14
MinimumVisualStudioVersion = 10.0.40219.1
Project("{FAE04EC0-301F-11D3-BF4B-00C04F79EFBC}") = "Pr01_SaraYueMadrugaMartin", "Pr01_SaraYueMadrugaMartin\Pr01_SaraYueMadrugaMartin.csproj", "{C7F0AAB7-E1DC-476A-9AF3-A1EF7A5D6A76}"
EndProject
Global
	GlobalSection(SolutionConfigurationPlatforms) = preSolution
		Debug|Any CPU = Debug|Any CPU
		Release|Any CPU = Release|Any CPU
	EndGlobalSection
	GlobalSection(ProjectConfigurationPlatforms) = postSolution
		{C7F0AAB7-E1DC-476A-9AF3-A1EF7A5D6A76}.Debug|Any CPU.ActiveCfg = Debug|Any CPU
		{C7F0AAB7-E1DC-476A-9AF3-A1EF7A5D6A76}.Debug|Any CPU.Build.0 = Debug|Any CPU
		{C7F0AAB7-E1DC-476A-9AF3-A1EF7A5D6A76}.Release|Any CPU.ActiveCfg = Release|Any CPU
		{C7F0AAB7-E1DC-476A-9AF3-A1EF7A5D6A76}.Release|Any CPU.Build.0 = Release|Any CPU
	EndGlobalSection
	GlobalSection(SolutionProperties) = preSolution
		HideSolutionNode = FALSE
	EndGlobalSection
	GlobalSection(ExtensibilityGlobals) = postSolution
		SolutionGuid = {91E40E67-1EFE-4376-B113-D02621FFE90B}
	EndGlobalSection
EndGlobal
